
Microsoft Visual Studio Solution File, Format Version 12.00
# Visual Studio Version 17
VisualStudioVersion = 17.3.32929.385
MinimumVisualStudioVersion = 10.0.40219.1
Project("{8BC9CEB8-8B4A-11D0-8D11-00A0C91BC942}") = "C-TestBUGS.c", "C-TestBUGS.c\C-TestBUGS.c.vcxproj", "{E02D8E48-E969-4AAB-8F94-1B7D635A05D4}"
EndProject
Global
	GlobalSection(SolutionConfigurationPlatforms) = preSolution
		Debug|x64 = Debug|x64
		Debug|x86 = Debug|x86
		Release|x64 = Release|x64
		Release|x86 = Release|x86
	EndGlobalSection
	GlobalSection(ProjectConfigurationPlatforms) = postSolution
		{E02D8E48-E969-4AAB-8F94-1B7D635A05D4}.Debug|x64.ActiveCfg = Debug|x64
		{E02D8E48-E969-4AAB-8F94-1B7D635A05D4}.Debug|x64.Build.0 = Debug|x64
		{E02D8E48-E969-4AAB-8F94-1B7D635A05D4}.Debug|x86.ActiveCfg = Debug|Win32
		{E02D8E48-E969-4AAB-8F94-1B7D635A05D4}.Debug|x86.Build.0 = Debug|Win32
		{E02D8E48-E969-4AAB-8F94-1B7D635A05D4}.Release|x64.ActiveCfg = Release|x64
		{E02D8E48-E969-4AAB-8F94-1B7D635A05D4}.Release|x64.Build.0 = Release|x64
		{E02D8E48-E969-4AAB-8F94-1B7D635A05D4}.Release|x86.ActiveCfg = Release|Win32
		{E02D8E48-E969-4AAB-8F94-1B7D635A05D4}.Release|x86.Build.0 = Release|Win32
	EndGlobalSection
	GlobalSection(SolutionProperties) = preSolution
		HideSolutionNode = FALSE
	EndGlobalSection
	GlobalSection(ExtensibilityGlobals) = postSolution
		SolutionGuid = {331E459D-BD84-431B-8D9A-70BBB5E1B523}
	EndGlobalSection
EndGlobal
